// !$*UTF8*$!
{
	archiveVersion = 1;
	classes = {
	};
	objectVersion = 46;
	objects = {

/* Begin PBXBuildFile section */
		AB1700000000000000000001 /* ExportMetadata.swift in Sources */ = {isa = PBXBuildFile; fileRef = AB1700000000000000000002 /* ExportMetadata.swift */; };
		AB1400000000000000000001 /* FLog2_to_ACROS_65grid_V.1.00.cube in Resources */ = {isa = PBXBuildFile; fileRef = AB1500000000000000000001 /* FLog2_to_ACROS_65grid_V.1.00.cube */; };
		AB1400000000000000000002 /* FLog2_to_ASTIA_65grid_V.1.00.cube in Resources */ = {isa = PBXBuildFile; fileRef = AB1500000000000000000002 /* FLog2_to_ASTIA_65grid_V.1.00.cube */; };
		AB1400000000000000000003 /* FLog2_to_CLASSIC-CHROME_65grid_V.1.00.cube in Resources */ = {isa = PBXBuildFile; fileRef = AB1500000000000000000003 /* FLog2_to_CLASSIC-CHROME_65grid_V.1.00.cube */; };
		AB1400000000000000000004 /* FLog2_to_CLASSIC-Neg._65grid_V.1.00.cube in Resources */ = {isa = PBXBuildFile; fileRef = AB1500000000000000000004 /* FLog2_to_CLASSIC-Neg._65grid_V.1.00.cube */; };
		AB1400000000000000000005 /* FLog2_to_ETERNA-BB_65grid_V.1.00.cube in Resources */ = {isa = PBXBuildFile; fileRef = AB1500000000000000000005 /* FLog2_to_ETERNA-BB_65grid_V.1.00.cube */; };
		AB1400000000000000000006 /* FLog2_to_ETERNA_65grid_V.1.00.cube in Resources */ = {isa = PBXBuildFile; fileRef = AB1500000000000000000006 /* FLog2_to_ETERNA_65grid_V.1.00.cube */; };
		AB1400000000000000000007 /* FLog2_to_PRO-Neg.Std_65grid_V.1.00.cube in Resources */ = {isa = PBXBuildFile; fileRef = AB1500000000000000000007 /* FLog2_to_PRO-Neg.Std_65grid_V.1.00.cube */; };
		AB1400000000000000000008 /* FLog2_to_PROVIA_65grid_V.1.00.cube in Resources */ = {isa = PBXBuildFile; fileRef = AB1500000000000000000008 /* FLog2_to_PROVIA_65grid_V.1.00.cube */; };
		AB1400000000000000000009 /* FLog2_to_REALA-ACE_65grid_V.1.00.cube in Resources */ = {isa = PBXBuildFile; fileRef = AB1500000000000000000009 /* FLog2_to_REALA-ACE_65grid_V.1.00.cube */; };
		AB140000000000000000000A /* FLog2_to_Velvia_65grid_V.1.00.cube in Resources */ = {isa = PBXBuildFile; fileRef = AB150000000000000000000A /* FLog2_to_Velvia_65grid_V.1.00.cube */; };
		AB140000000000000000000B /* FLog2_to_WDR_65grid_V.1.00.cube in Resources */ = {isa = PBXBuildFile; fileRef = AB150000000000000000000B /* FLog2_to_WDR_65grid_V.1.00.cube */; };
		AB140000000000000000000C /* acros.png in Resources */ = {isa = PBXBuildFile; fileRef = AB150000000000000000000C /* acros.png */; };
		AB140000000000000000000D /* astia.png in Resources */ = {isa = PBXBuildFile; fileRef = AB150000000000000000000D /* astia.png */; };
		AB140000000000000000000E /* classic-chrome.png in Resources */ = {isa = PBXBuildFile; fileRef = AB150000000000000000000E /* classic-chrome.png */; };
		AB140000000000000000000F /* classic-neg.png in Resources */ = {isa = PBXBuildFile; fileRef = AB150000000000000000000F /* classic-neg.png */; };
		AB1400000000000000000010 /* pro-neg-std.png in Resources */ = {isa = PBXBuildFile; fileRef = AB1500000000000000000010 /* pro-neg-std.png */; };
		AB1400000000000000000011 /* provia.png in Resources */ = {isa = PBXBuildFile; fileRef = AB1500000000000000000011 /* provia.png */; };
		AB1400000000000000000012 /* reala-ace.png in Resources */ = {isa = PBXBuildFile; fileRef = AB1500000000000000000012 /* reala-ace.png */; };
		AB1400000000000000000013 /* velvia.png in Resources */ = {isa = PBXBuildFile; fileRef = AB1500000000000000000013 /* velvia.png */; };
		AB1300000000000000000001 /* EditorUITests.swift in Sources */ = {isa = PBXBuildFile; fileRef = AB1300000000000000000002 /* EditorUITests.swift */; };
		AB1200000000000000000001 /* EditorComponents.swift in Sources */ = {isa = PBXBuildFile; fileRef = AB1200000000000000000011 /* EditorComponents.swift */; };
		AB1200000000000000000002 /* FilmPresentation.swift in Sources */ = {isa = PBXBuildFile; fileRef = AB1200000000000000000012 /* FilmPresentation.swift */; };
		AB1200000000000000000003 /* eterna.png in Resources */ = {isa = PBXBuildFile; fileRef = AB1200000000000000000013 /* eterna.png */; };
		AB1200000000000000000004 /* eterna-bb.png in Resources */ = {isa = PBXBuildFile; fileRef = AB1200000000000000000014 /* eterna-bb.png */; };
		0B1A0382CA7A4764A8AD3A12 /* UI/ContentView+Panels.swift in Sources */ = {isa = PBXBuildFile; fileRef = 7ADA789EA8FD48A0A2CFE618 /* UI/ContentView+Panels.swift */; };
		26F51EBF7B154D2F744F8B60 /* Resources/Assets.xcassets in Resources */ = {isa = PBXBuildFile; fileRef = D71C4D9C452E6C484F74EDAB /* Resources/Assets.xcassets */; };
		2A9B3E15E0704167ABE93960 /* Core/ViewModel/RawEditorViewModel+IO.swift in Sources */ = {isa = PBXBuildFile; fileRef = AE4383A5710944379318C704 /* Core/ViewModel/RawEditorViewModel+IO.swift */; };
		2C5BFAB858B74B81AFAC16D0 /* Core/Models/PhotoImportTypes.swift in Sources */ = {isa = PBXBuildFile; fileRef = 99C86E9A92BE4E3A8BF782CB /* Core/Models/PhotoImportTypes.swift */; };
		366A9A71BB194587A8AECB5A /* Core/Models/AdjustmentKind.swift in Sources */ = {isa = PBXBuildFile; fileRef = 75200EAB73DE45D5AC8120CC /* Core/Models/AdjustmentKind.swift */; };
		474AC2ED2640F238B875DFBA /* App/RawLabApp.swift in Sources */ = {isa = PBXBuildFile; fileRef = A7B52131DB065AE51B1A552B /* App/RawLabApp.swift */; };
		54CCF4B9CD4492224FC36730 /* UI/ContentView.swift in Sources */ = {isa = PBXBuildFile; fileRef = 7ADA8D603BB120B2616B82E8 /* UI/ContentView.swift */; };
		568E6B659A004F7792056543 /* UI/ContentView+Helpers.swift in Sources */ = {isa = PBXBuildFile; fileRef = 6CE93B9AEFEC48F9B6535407 /* UI/ContentView+Helpers.swift */; };
		5925D383E992E267E84A557D /* Foundation.framework in Frameworks */ = {isa = PBXBuildFile; fileRef = BCB01F09DF53FD6D170136CB /* Foundation.framework */; };
		7A32C02543E94D8D8AD059DA /* Core/ViewModel/RawEditorViewModel+Rendering.swift in Sources */ = {isa = PBXBuildFile; fileRef = 893AFB855B8D4C46BF182760 /* Core/ViewModel/RawEditorViewModel+Rendering.swift */; };
		D883E2F5F205AC0EFBF9C319 /* Core/ViewModel/RawEditorViewModel.swift in Sources */ = {isa = PBXBuildFile; fileRef = 5BBA826F203D41BCC1DF31C0 /* Core/ViewModel/RawEditorViewModel.swift */; };
		EDCB99B43F3C4149B2F7622B /* Core/Models/RawSettings.swift in Sources */ = {isa = PBXBuildFile; fileRef = E032598E21034CC384DC2993 /* Core/Models/RawSettings.swift */; };
		F985B27612A241E0BF2D3B6E /* Core/ViewModel/RawEditorViewModel+LUT.swift in Sources */ = {isa = PBXBuildFile; fileRef = FEE59480F18546D2BD9AEB9E /* Core/ViewModel/RawEditorViewModel+LUT.swift */; };
		8F3A1B2C3D4E5F6789012345 /* Core/RawProcessing/Sony2FujiProcessor.swift in Sources */ = {isa = PBXBuildFile; fileRef = 8F3A1B2C3D4E5F6789012346 /* Core/RawProcessing/Sony2FujiProcessor.swift */; };
		8F3A1B2C3D4E5F678901234F /* Core/RawProcessing/Sony2FujiProcessor+Helpers.swift in Sources */ = {isa = PBXBuildFile; fileRef = 8F3A1B2C3D4E5F6789012350 /* Core/RawProcessing/Sony2FujiProcessor+Helpers.swift */; };
		8F3A1B2C3D4E5F678901234B /* sony2fuji.xcframework in Frameworks */ = {isa = PBXBuildFile; fileRef = 8F3A1B2C3D4E5F678901234A /* sony2fuji.xcframework */; };
		8F3A1B2C3D4E5F678901234C /* sony2fuji.xcframework in Embed Frameworks */ = {isa = PBXBuildFile; fileRef = 8F3A1B2C3D4E5F678901234A /* sony2fuji.xcframework */; settings = {ATTRIBUTES = (CodeSignOnCopy, RemoveHeadersOnCopy, ); }; };
		C9A1B2C3D4E5F60718293A4B /* Support/RawMetadataBridge.mm in Sources */ = {isa = PBXBuildFile; fileRef = C9A1B2C3D4E5F60718293A4D /* Support/RawMetadataBridge.mm */; };
/* End PBXBuildFile section */

/* Begin PBXFileReference section */
		AB1700000000000000000002 /* ExportMetadata.swift */ = {isa = PBXFileReference; lastKnownFileType = sourcecode.swift; name = ExportMetadata.swift; path = "../Shared/ExportMetadata.swift"; sourceTree = SOURCE_ROOT; };
		AB1500000000000000000001 /* FLog2_to_ACROS_65grid_V.1.00.cube */ = {isa = PBXFileReference; lastKnownFileType = text; name = "FLog2_to_ACROS_65grid_V.1.00.cube"; path = "../lutools/flog-2-new/FLog2_to_ACROS_65grid_V.1.00.cube"; sourceTree = SOURCE_ROOT; };
		AB1500000000000000000002 /* FLog2_to_ASTIA_65grid_V.1.00.cube */ = {isa = PBXFileReference; lastKnownFileType = text; name = "FLog2_to_ASTIA_65grid_V.1.00.cube"; path = "../lutools/flog-2-new/FLog2_to_ASTIA_65grid_V.1.00.cube"; sourceTree = SOURCE_ROOT; };
		AB1500000000000000000003 /* FLog2_to_CLASSIC-CHROME_65grid_V.1.00.cube */ = {isa = PBXFileReference; lastKnownFileType = text; name = "FLog2_to_CLASSIC-CHROME_65grid_V.1.00.cube"; path = "../lutools/flog-2-new/FLog2_to_CLASSIC-CHROME_65grid_V.1.00.cube"; sourceTree = SOURCE_ROOT; };
		AB1500000000000000000004 /* FLog2_to_CLASSIC-Neg._65grid_V.1.00.cube */ = {isa = PBXFileReference; lastKnownFileType = text; name = "FLog2_to_CLASSIC-Neg._65grid_V.1.00.cube"; path = "../lutools/flog-2-new/FLog2_to_CLASSIC-Neg._65grid_V.1.00.cube"; sourceTree = SOURCE_ROOT; };
		AB1500000000000000000005 /* FLog2_to_ETERNA-BB_65grid_V.1.00.cube */ = {isa = PBXFileReference; lastKnownFileType = text; name = "FLog2_to_ETERNA-BB_65grid_V.1.00.cube"; path = "../lutools/flog-2-new/FLog2_to_ETERNA-BB_65grid_V.1.00.cube"; sourceTree = SOURCE_ROOT; };
		AB1500000000000000000006 /* FLog2_to_ETERNA_65grid_V.1.00.cube */ = {isa = PBXFileReference; lastKnownFileType = text; name = "FLog2_to_ETERNA_65grid_V.1.00.cube"; path = "../lutools/flog-2-new/FLog2_to_ETERNA_65grid_V.1.00.cube"; sourceTree = SOURCE_ROOT; };
		AB1500000000000000000007 /* FLog2_to_PRO-Neg.Std_65grid_V.1.00.cube */ = {isa = PBXFileReference; lastKnownFileType = text; name = "FLog2_to_PRO-Neg.Std_65grid_V.1.00.cube"; path = "../lutools/flog-2-new/FLog2_to_PRO-Neg.Std_65grid_V.1.00.cube"; sourceTree = SOURCE_ROOT; };
		AB1500000000000000000008 /* FLog2_to_PROVIA_65grid_V.1.00.cube */ = {isa = PBXFileReference; lastKnownFileType = text; name = "FLog2_to_PROVIA_65grid_V.1.00.cube"; path = "../lutools/flog-2-new/FLog2_to_PROVIA_65grid_V.1.00.cube"; sourceTree = SOURCE_ROOT; };
		AB1500000000000000000009 /* FLog2_to_REALA-ACE_65grid_V.1.00.cube */ = {isa = PBXFileReference; lastKnownFileType = text; name = "FLog2_to_REALA-ACE_65grid_V.1.00.cube"; path = "../lutools/flog-2-new/FLog2_to_REALA-ACE_65grid_V.1.00.cube"; sourceTree = SOURCE_ROOT; };
		AB150000000000000000000A /* FLog2_to_Velvia_65grid_V.1.00.cube */ = {isa = PBXFileReference; lastKnownFileType = text; name = "FLog2_to_Velvia_65grid_V.1.00.cube"; path = "../lutools/flog-2-new/FLog2_to_Velvia_65grid_V.1.00.cube"; sourceTree = SOURCE_ROOT; };
		AB150000000000000000000B /* FLog2_to_WDR_65grid_V.1.00.cube */ = {isa = PBXFileReference; lastKnownFileType = text; name = "FLog2_to_WDR_65grid_V.1.00.cube"; path = "../lutools/flog-2-new/FLog2_to_WDR_65grid_V.1.00.cube"; sourceTree = SOURCE_ROOT; };
		AB150000000000000000000C /* acros.png */ = {isa = PBXFileReference; lastKnownFileType = image.png; name = "acros.png"; path = "../RawLabMac/Resources/FilmIcons/acros.png"; sourceTree = SOURCE_ROOT; };
		AB150000000000000000000D /* astia.png */ = {isa = PBXFileReference; lastKnownFileType = image.png; name = "astia.png"; path = "../RawLabMac/Resources/FilmIcons/astia.png"; sourceTree = SOURCE_ROOT; };
		AB150000000000000000000E /* classic-chrome.png */ = {isa = PBXFileReference; lastKnownFileType = image.png; name = "classic-chrome.png"; path = "../RawLabMac/Resources/FilmIcons/classic-chrome.png"; sourceTree = SOURCE_ROOT; };
		AB150000000000000000000F /* classic-neg.png */ = {isa = PBXFileReference; lastKnownFileType = image.png; name = "classic-neg.png"; path = "../RawLabMac/Resources/FilmIcons/classic-neg.png"; sourceTree = SOURCE_ROOT; };
		AB1500000000000000000010 /* pro-neg-std.png */ = {isa = PBXFileReference; lastKnownFileType = image.png; name = "pro-neg-std.png"; path = "../RawLabMac/Resources/FilmIcons/pro-neg-std.png"; sourceTree = SOURCE_ROOT; };
		AB1500000000000000000011 /* provia.png */ = {isa = PBXFileReference; lastKnownFileType = image.png; name = "provia.png"; path = "../RawLabMac/Resources/FilmIcons/provia.png"; sourceTree = SOURCE_ROOT; };
		AB1500000000000000000012 /* reala-ace.png */ = {isa = PBXFileReference; lastKnownFileType = image.png; name = "reala-ace.png"; path = "../RawLabMac/Resources/FilmIcons/reala-ace.png"; sourceTree = SOURCE_ROOT; };
		AB1500000000000000000013 /* velvia.png */ = {isa = PBXFileReference; lastKnownFileType = image.png; name = "velvia.png"; path = "../RawLabMac/Resources/FilmIcons/velvia.png"; sourceTree = SOURCE_ROOT; };
		AB1300000000000000000002 /* EditorUITests.swift */ = {isa = PBXFileReference; lastKnownFileType = sourcecode.swift; path = RawLabUITests/EditorUITests.swift; sourceTree = SOURCE_ROOT; };
		AB1300000000000000000003 /* RawLabUITests.xctest */ = {isa = PBXFileReference; explicitFileType = wrapper.cfbundle; path = RawLabUITests.xctest; sourceTree = BUILT_PRODUCTS_DIR; };
		AB1200000000000000000011 /* EditorComponents.swift */ = {isa = PBXFileReference; lastKnownFileType = sourcecode.swift; path = EditorComponents.swift; sourceTree = "<group>"; };
		AB1200000000000000000012 /* FilmPresentation.swift */ = {isa = PBXFileReference; lastKnownFileType = sourcecode.swift; path = FilmPresentation.swift; sourceTree = "<group>"; };
		AB1200000000000000000013 /* eterna.png */ = {isa = PBXFileReference; lastKnownFileType = image.png; name = eterna.png; path = "../RawLabMac/Resources/FilmIcons/eterna.png"; sourceTree = SOURCE_ROOT; };
		AB1200000000000000000014 /* eterna-bb.png */ = {isa = PBXFileReference; lastKnownFileType = image.png; name = "eterna-bb.png"; path = "../RawLabMac/Resources/FilmIcons/eterna-bb.png"; sourceTree = SOURCE_ROOT; };
		5BBA826F203D41BCC1DF31C0 /* Core/ViewModel/RawEditorViewModel.swift */ = {isa = PBXFileReference; includeInIndex = 1; lastKnownFileType = sourcecode.swift; path = RawEditorViewModel.swift; sourceTree = "<group>"; };
		6CE93B9AEFEC48F9B6535407 /* UI/ContentView+Helpers.swift */ = {isa = PBXFileReference; includeInIndex = 1; lastKnownFileType = sourcecode.swift; path = "ContentView+Helpers.swift"; sourceTree = "<group>"; };
		75200EAB73DE45D5AC8120CC /* Core/Models/AdjustmentKind.swift */ = {isa = PBXFileReference; includeInIndex = 1; lastKnownFileType = sourcecode.swift; path = AdjustmentKind.swift; sourceTree = "<group>"; };
		7ADA789EA8FD48A0A2CFE618 /* UI/ContentView+Panels.swift */ = {isa = PBXFileReference; includeInIndex = 1; lastKnownFileType = sourcecode.swift; path = "ContentView+Panels.swift"; sourceTree = "<group>"; };
		7ADA8D603BB120B2616B82E8 /* UI/ContentView.swift */ = {isa = PBXFileReference; includeInIndex = 1; lastKnownFileType = sourcecode.swift; path = ContentView.swift; sourceTree = "<group>"; };
		893AFB855B8D4C46BF182760 /* Core/ViewModel/RawEditorViewModel+Rendering.swift */ = {isa = PBXFileReference; includeInIndex = 1; lastKnownFileType = sourcecode.swift; path = "RawEditorViewModel+Rendering.swift"; sourceTree = "<group>"; };
		99C86E9A92BE4E3A8BF782CB /* Core/Models/PhotoImportTypes.swift */ = {isa = PBXFileReference; includeInIndex = 1; lastKnownFileType = sourcecode.swift; path = PhotoImportTypes.swift; sourceTree = "<group>"; };
		A7B52131DB065AE51B1A552B /* App/RawLabApp.swift */ = {isa = PBXFileReference; includeInIndex = 1; lastKnownFileType = sourcecode.swift; path = RawLabApp.swift; sourceTree = "<group>"; };
		AE4383A5710944379318C704 /* Core/ViewModel/RawEditorViewModel+IO.swift */ = {isa = PBXFileReference; includeInIndex = 1; lastKnownFileType = sourcecode.swift; path = "RawEditorViewModel+IO.swift"; sourceTree = "<group>"; };
		BCB01F09DF53FD6D170136CB /* Foundation.framework */ = {isa = PBXFileReference; lastKnownFileType = wrapper.framework; name = Foundation.framework; path = Platforms/iPhoneOS.platform/Developer/SDKs/iPhoneOS18.0.sdk/System/Library/Frameworks/Foundation.framework; sourceTree = DEVELOPER_DIR; };
		CA5CD9BDDDA592CD1F77CFCB /* Resources/Info.plist */ = {isa = PBXFileReference; includeInIndex = 1; lastKnownFileType = text.plist.xml; path = Info.plist; sourceTree = "<group>"; };
		D71C4D9C452E6C484F74EDAB /* Resources/Assets.xcassets */ = {isa = PBXFileReference; includeInIndex = 1; lastKnownFileType = folder.assetcatalog; path = Assets.xcassets; sourceTree = "<group>"; };
		E032598E21034CC384DC2993 /* Core/Models/RawSettings.swift */ = {isa = PBXFileReference; includeInIndex = 1; lastKnownFileType = sourcecode.swift; path = RawSettings.swift; sourceTree = "<group>"; };
		ED52E5E1D6C957F64808BB11 /* RawLab.app */ = {isa = PBXFileReference; explicitFileType = wrapper.application; includeInIndex = 0; path = RawLab.app; sourceTree = BUILT_PRODUCTS_DIR; };
		FEE59480F18546D2BD9AEB9E /* Core/ViewModel/RawEditorViewModel+LUT.swift */ = {isa = PBXFileReference; includeInIndex = 1; lastKnownFileType = sourcecode.swift; path = "RawEditorViewModel+LUT.swift"; sourceTree = "<group>"; };
		8F3A1B2C3D4E5F6789012346 /* Core/RawProcessing/Sony2FujiProcessor.swift */ = {isa = PBXFileReference; includeInIndex = 1; lastKnownFileType = sourcecode.swift; path = Sony2FujiProcessor.swift; sourceTree = "<group>"; };
		8F3A1B2C3D4E5F6789012350 /* Core/RawProcessing/Sony2FujiProcessor+Helpers.swift */ = {isa = PBXFileReference; includeInIndex = 1; lastKnownFileType = sourcecode.swift; path = "Sony2FujiProcessor+Helpers.swift"; sourceTree = "<group>"; };
		8F3A1B2C3D4E5F6789012348 /* Support/RawLab-Bridging-Header.h */ = {isa = PBXFileReference; includeInIndex = 1; lastKnownFileType = sourcecode.c.h; path = "RawLab-Bridging-Header.h"; sourceTree = "<group>"; };
		8F3A1B2C3D4E5F678901234A /* sony2fuji.xcframework */ = {isa = PBXFileReference; lastKnownFileType = wrapper.xcframework; name = sony2fuji.xcframework; path = "../lutools/build-ios/sony2fuji.xcframework"; sourceTree = "<group>"; };
		C9A1B2C3D4E5F60718293A4C /* Support/RawMetadataBridge.h */ = {isa = PBXFileReference; includeInIndex = 1; lastKnownFileType = sourcecode.c.h; path = RawMetadataBridge.h; sourceTree = "<group>"; };
		C9A1B2C3D4E5F60718293A4D /* Support/RawMetadataBridge.mm */ = {isa = PBXFileReference; includeInIndex = 1; lastKnownFileType = sourcecode.cpp.objcpp; path = RawMetadataBridge.mm; sourceTree = "<group>"; };
/* End PBXFileReference section */

/* Begin PBXFrameworksBuildPhase section */
		7A7847F15E616132CAD7AF18 /* Frameworks */ = {
			isa = PBXFrameworksBuildPhase;
			buildActionMask = 2147483647;
			files = (
				5925D383E992E267E84A557D /* Foundation.framework in Frameworks */,
				8F3A1B2C3D4E5F678901234B /* sony2fuji.xcframework in Frameworks */,
			);
			runOnlyForDeploymentPostprocessing = 0;
		};
/* End PBXFrameworksBuildPhase section */

/* Begin PBXCopyFilesBuildPhase section */
		8F3A1B2C3D4E5F678901234D /* Embed Frameworks */ = {
			isa = PBXCopyFilesBuildPhase;
			buildActionMask = 2147483647;
			dstPath = "";
			dstSubfolderSpec = 10;
			files = (
				8F3A1B2C3D4E5F678901234C /* sony2fuji.xcframework in Embed Frameworks */,
			);
			name = "Embed Frameworks";
			runOnlyForDeploymentPostprocessing = 0;
		};
/* End PBXCopyFilesBuildPhase section */

/* Begin PBXGroup section */
		03C5C556CA624B7388F5A53F /* Core */ = {
			isa = PBXGroup;
			children = (
				967181A1C76B4194B0C0185F /* Models */,
				8F3A1B2C3D4E5F6789012347 /* RawProcessing */,
				234ED6798A8A4780851F1B79 /* ViewModel */,
			);
			path = Core;
			sourceTree = "<group>";
		};
		8F3A1B2C3D4E5F6789012347 /* RawProcessing */ = {
			isa = PBXGroup;
			children = (
				AB1700000000000000000002 /* ExportMetadata.swift */,
				8F3A1B2C3D4E5F6789012346 /* Core/RawProcessing/Sony2FujiProcessor.swift */,
				8F3A1B2C3D4E5F6789012350 /* Core/RawProcessing/Sony2FujiProcessor+Helpers.swift */,
			);
			path = RawProcessing;
			sourceTree = "<group>";
		};
		0DA7DEB0B4133F1EEE502181 /* iOS */ = {
			isa = PBXGroup;
			children = (
				BCB01F09DF53FD6D170136CB /* Foundation.framework */,
			);
			name = iOS;
			sourceTree = "<group>";
		};
		0DAA7689F37A5648D3C8F238 /* Frameworks */ = {
			isa = PBXGroup;
			children = (
				0DA7DEB0B4133F1EEE502181 /* iOS */,
				8F3A1B2C3D4E5F678901234A /* sony2fuji.xcframework */,
			);
			name = Frameworks;
			sourceTree = "<group>";
		};
		1CBDC5191AF9405F9B637414 /* UI */ = {
			isa = PBXGroup;
			children = (
				AB1200000000000000000011 /* EditorComponents.swift */,
				7ADA8D603BB120B2616B82E8 /* UI/ContentView.swift */,
				7ADA789EA8FD48A0A2CFE618 /* UI/ContentView+Panels.swift */,
				6CE93B9AEFEC48F9B6535407 /* UI/ContentView+Helpers.swift */,
			);
			path = UI;
			sourceTree = "<group>";
		};
		234ED6798A8A4780851F1B79 /* ViewModel */ = {
			isa = PBXGroup;
			children = (
				5BBA826F203D41BCC1DF31C0 /* Core/ViewModel/RawEditorViewModel.swift */,
				893AFB855B8D4C46BF182760 /* Core/ViewModel/RawEditorViewModel+Rendering.swift */,
				FEE59480F18546D2BD9AEB9E /* Core/ViewModel/RawEditorViewModel+LUT.swift */,
				AE4383A5710944379318C704 /* Core/ViewModel/RawEditorViewModel+IO.swift */,
			);
			path = ViewModel;
			sourceTree = "<group>";
		};
		2F109479FD08681A1F30E85C /* RawLab */ = {
			isa = PBXGroup;
			children = (
				8F7749DA9EDF45519E2428F1 /* App */,
				1CBDC5191AF9405F9B637414 /* UI */,
				03C5C556CA624B7388F5A53F /* Core */,
				8F3A1B2C3D4E5F6789012349 /* Support */,
				55B1D2570BE3466BB45F7CD5 /* Resources */,
			);
			path = RawLab;
			sourceTree = "<group>";
		};
		8F3A1B2C3D4E5F6789012349 /* Support */ = {
			isa = PBXGroup;
			children = (
				8F3A1B2C3D4E5F6789012348 /* Support/RawLab-Bridging-Header.h */,
				C9A1B2C3D4E5F60718293A4C /* Support/RawMetadataBridge.h */,
				C9A1B2C3D4E5F60718293A4D /* Support/RawMetadataBridge.mm */,
			);
			path = Support;
			sourceTree = "<group>";
		};
		2F6D48C6086EC660301E288B /* Products */ = {
			isa = PBXGroup;
			children = (
				AB1300000000000000000003 /* RawLabUITests.xctest */,
				ED52E5E1D6C957F64808BB11 /* RawLab.app */,
			);
			name = Products;
			sourceTree = "<group>";
		};
		55B1D2570BE3466BB45F7CD5 /* Resources */ = {
			isa = PBXGroup;
			children = (
				AB1500000000000000000001 /* FLog2_to_ACROS_65grid_V.1.00.cube */,
				AB1500000000000000000002 /* FLog2_to_ASTIA_65grid_V.1.00.cube */,
				AB1500000000000000000003 /* FLog2_to_CLASSIC-CHROME_65grid_V.1.00.cube */,
				AB1500000000000000000004 /* FLog2_to_CLASSIC-Neg._65grid_V.1.00.cube */,
				AB1500000000000000000005 /* FLog2_to_ETERNA-BB_65grid_V.1.00.cube */,
				AB1500000000000000000006 /* FLog2_to_ETERNA_65grid_V.1.00.cube */,
				AB1500000000000000000007 /* FLog2_to_PRO-Neg.Std_65grid_V.1.00.cube */,
				AB1500000000000000000008 /* FLog2_to_PROVIA_65grid_V.1.00.cube */,
				AB1500000000000000000009 /* FLog2_to_REALA-ACE_65grid_V.1.00.cube */,
				AB150000000000000000000A /* FLog2_to_Velvia_65grid_V.1.00.cube */,
				AB150000000000000000000B /* FLog2_to_WDR_65grid_V.1.00.cube */,
				AB150000000000000000000C /* acros.png */,
				AB150000000000000000000D /* astia.png */,
				AB150000000000000000000E /* classic-chrome.png */,
				AB150000000000000000000F /* classic-neg.png */,
				AB1500000000000000000010 /* pro-neg-std.png */,
				AB1500000000000000000011 /* provia.png */,
				AB1500000000000000000012 /* reala-ace.png */,
				AB1500000000000000000013 /* velvia.png */,
				AB1200000000000000000013 /* eterna.png */,
				AB1200000000000000000014 /* eterna-bb.png */,
				CA5CD9BDDDA592CD1F77CFCB /* Resources/Info.plist */,
				D71C4D9C452E6C484F74EDAB /* Resources/Assets.xcassets */,
			);
			path = Resources;
			sourceTree = "<group>";
		};
		8F7749DA9EDF45519E2428F1 /* App */ = {
			isa = PBXGroup;
			children = (
				A7B52131DB065AE51B1A552B /* App/RawLabApp.swift */,
			);
			path = App;
			sourceTree = "<group>";
		};
		967181A1C76B4194B0C0185F /* Models */ = {
			isa = PBXGroup;
			children = (
				AB1200000000000000000012 /* FilmPresentation.swift */,
				75200EAB73DE45D5AC8120CC /* Core/Models/AdjustmentKind.swift */,
				E032598E21034CC384DC2993 /* Core/Models/RawSettings.swift */,
				99C86E9A92BE4E3A8BF782CB /* Core/Models/PhotoImportTypes.swift */,
			);
			path = Models;
			sourceTree = "<group>";
		};
		E067DA409E66CF448AAA9059 = {
			isa = PBXGroup;
			children = (
				AB1300000000000000000002 /* EditorUITests.swift */,
				2F6D48C6086EC660301E288B /* Products */,
				0DAA7689F37A5648D3C8F238 /* Frameworks */,
				2F109479FD08681A1F30E85C /* RawLab */,
			);
			sourceTree = "<group>";
		};
/* End PBXGroup section */

/* Begin PBXNativeTarget section */
		AB1300000000000000000004 /* RawLabUITests */ = {
			isa = PBXNativeTarget;
			buildConfigurationList = AB1300000000000000000005;
			buildPhases = (AB1300000000000000000006, );
			buildRules = ();
			dependencies = (AB1300000000000000000009, );
			name = RawLabUITests;
			productName = RawLabUITests;
			productReference = AB1300000000000000000003;
			productType = "com.apple.product-type.bundle.ui-testing";
		};
		4CAC4510D72097AAADB14698 /* RawLab */ = {
			isa = PBXNativeTarget;
			buildConfigurationList = 86048109104C15A6E77F6FC2 /* Build configuration list for PBXNativeTarget "RawLab" */;
			buildPhases = (
				E20DD483661FD62C27502C63 /* Sources */,
				7A7847F15E616132CAD7AF18 /* Frameworks */,
				8F3A1B2C3D4E5F678901234D /* Embed Frameworks */,
				DBB0E1C42A7E409E830998F8 /* Resources */,
			);
			buildRules = (
			);
			dependencies = (
			);
			name = RawLab;
			productName = RawLab;
			productReference = ED52E5E1D6C957F64808BB11 /* RawLab.app */;
			productType = "com.apple.product-type.application";
		};
/* End PBXNativeTarget section */

/* Begin PBXProject section */
		1393227700EBE35817E89069 /* Project object */ = {
			isa = PBXProject;
			attributes = {
				LastSwiftUpdateCheck = 1600;
				LastUpgradeCheck = 1600;
				TargetAttributes = {
					4CAC4510D72097AAADB14698 = {
						DevelopmentTeam = 26C49A5JKY;
						ProvisioningStyle = Automatic;
					};
				};
			};
			buildConfigurationList = 414E6DDFAA24D0565622F7F1 /* Build configuration list for PBXProject "RawLab" */;
			compatibilityVersion = "Xcode 3.2";
			developmentRegion = en;
			hasScannedForEncodings = 0;
			knownRegions = (
				en,
				Base,
			);
			mainGroup = E067DA409E66CF448AAA9059;
			productRefGroup = 2F6D48C6086EC660301E288B /* Products */;
			projectDirPath = "";
			projectRoot = "";
			targets = (
				AB1300000000000000000004 /* RawLabUITests */,
				4CAC4510D72097AAADB14698 /* RawLab */,
			);
		};
/* End PBXProject section */

/* Begin PBXResourcesBuildPhase section */
		DBB0E1C42A7E409E830998F8 /* Resources */ = {
			isa = PBXResourcesBuildPhase;
			buildActionMask = 2147483647;
			files = (
				AB1400000000000000000001 /* FLog2_to_ACROS_65grid_V.1.00.cube in Resources */,
				AB1400000000000000000002 /* FLog2_to_ASTIA_65grid_V.1.00.cube in Resources */,
				AB1400000000000000000003 /* FLog2_to_CLASSIC-CHROME_65grid_V.1.00.cube in Resources */,
				AB1400000000000000000004 /* FLog2_to_CLASSIC-Neg._65grid_V.1.00.cube in Resources */,
				AB1400000000000000000005 /* FLog2_to_ETERNA-BB_65grid_V.1.00.cube in Resources */,
				AB1400000000000000000006 /* FLog2_to_ETERNA_65grid_V.1.00.cube in Resources */,
				AB1400000000000000000007 /* FLog2_to_PRO-Neg.Std_65grid_V.1.00.cube in Resources */,
				AB1400000000000000000008 /* FLog2_to_PROVIA_65grid_V.1.00.cube in Resources */,
				AB1400000000000000000009 /* FLog2_to_REALA-ACE_65grid_V.1.00.cube in Resources */,
				AB140000000000000000000A /* FLog2_to_Velvia_65grid_V.1.00.cube in Resources */,
				AB140000000000000000000B /* FLog2_to_WDR_65grid_V.1.00.cube in Resources */,
				AB140000000000000000000C /* acros.png in Resources */,
				AB140000000000000000000D /* astia.png in Resources */,
				AB140000000000000000000E /* classic-chrome.png in Resources */,
				AB140000000000000000000F /* classic-neg.png in Resources */,
				AB1400000000000000000010 /* pro-neg-std.png in Resources */,
				AB1400000000000000000011 /* provia.png in Resources */,
				AB1400000000000000000012 /* reala-ace.png in Resources */,
				AB1400000000000000000013 /* velvia.png in Resources */,
				AB1200000000000000000003 /* eterna.png in Resources */,
				AB1200000000000000000004 /* eterna-bb.png in Resources */,
				26F51EBF7B154D2F744F8B60 /* Resources/Assets.xcassets in Resources */,
			);
			runOnlyForDeploymentPostprocessing = 0;
		};
/* End PBXResourcesBuildPhase section */

/* Begin PBXSourcesBuildPhase section */
		AB1300000000000000000006 = {
			isa = PBXSourcesBuildPhase;
			buildActionMask = 2147483647;
			files = (AB1300000000000000000001, );
			runOnlyForDeploymentPostprocessing = 0;
		};
		E20DD483661FD62C27502C63 /* Sources */ = {
			isa = PBXSourcesBuildPhase;
			buildActionMask = 2147483647;
			files = (
				AB1700000000000000000001 /* ExportMetadata.swift in Sources */,
				AB1200000000000000000001 /* EditorComponents.swift in Sources */,
				AB1200000000000000000002 /* FilmPresentation.swift in Sources */,
				474AC2ED2640F238B875DFBA /* App/RawLabApp.swift in Sources */,
				54CCF4B9CD4492224FC36730 /* UI/ContentView.swift in Sources */,
				0B1A0382CA7A4764A8AD3A12 /* UI/ContentView+Panels.swift in Sources */,
				568E6B659A004F7792056543 /* UI/ContentView+Helpers.swift in Sources */,
				C9A1B2C3D4E5F60718293A4B /* Support/RawMetadataBridge.mm in Sources */,
				366A9A71BB194587A8AECB5A /* Core/Models/AdjustmentKind.swift in Sources */,
				EDCB99B43F3C4149B2F7622B /* Core/Models/RawSettings.swift in Sources */,
				2C5BFAB858B74B81AFAC16D0 /* Core/Models/PhotoImportTypes.swift in Sources */,
				D883E2F5F205AC0EFBF9C319 /* Core/ViewModel/RawEditorViewModel.swift in Sources */,
				7A32C02543E94D8D8AD059DA /* Core/ViewModel/RawEditorViewModel+Rendering.swift in Sources */,
				F985B27612A241E0BF2D3B6E /* Core/ViewModel/RawEditorViewModel+LUT.swift in Sources */,
				2A9B3E15E0704167ABE93960 /* Core/ViewModel/RawEditorViewModel+IO.swift in Sources */,
				8F3A1B2C3D4E5F6789012345 /* Core/RawProcessing/Sony2FujiProcessor.swift in Sources */,
				8F3A1B2C3D4E5F678901234F /* Core/RawProcessing/Sony2FujiProcessor+Helpers.swift in Sources */,
			);
			runOnlyForDeploymentPostprocessing = 0;
		};
/* End PBXSourcesBuildPhase section */

/* Begin XCBuildConfiguration section */
		AB1300000000000000000007 = {
			isa = XCBuildConfiguration;
			buildSettings = {
				CODE_SIGN_STYLE = Automatic;
				GENERATE_INFOPLIST_FILE = YES;
				IPHONEOS_DEPLOYMENT_TARGET = 18.0;
				PRODUCT_BUNDLE_IDENTIFIER = com.example.RawLabUITests;
				PRODUCT_NAME = "$(TARGET_NAME)";
				SDKROOT = iphoneos;
				SWIFT_VERSION = 5.0;
				TARGETED_DEVICE_FAMILY = 1;
				TEST_TARGET_NAME = RawLab;
			};
			name = Debug;
		};
		AB1300000000000000000008 = {
			isa = XCBuildConfiguration;
			buildSettings = {
				CODE_SIGN_STYLE = Automatic;
				GENERATE_INFOPLIST_FILE = YES;
				IPHONEOS_DEPLOYMENT_TARGET = 18.0;
				PRODUCT_BUNDLE_IDENTIFIER = com.example.RawLabUITests;
				PRODUCT_NAME = "$(TARGET_NAME)";
				SDKROOT = iphoneos;
				SWIFT_VERSION = 5.0;
				TARGETED_DEVICE_FAMILY = 1;
				TEST_TARGET_NAME = RawLab;
			};
			name = Release;
		};
		1FC38338F049575C61B7F4A1 /* Release */ = {
			isa = XCBuildConfiguration;
			buildSettings = {
				ALWAYS_SEARCH_USER_PATHS = NO;
				CLANG_ANALYZER_NONNULL = YES;
				CLANG_ANALYZER_NUMBER_OBJECT_CONVERSION = YES_AGGRESSIVE;
				CLANG_CXX_LANGUAGE_STANDARD = "gnu++14";
				CLANG_CXX_LIBRARY = "libc++";
				CLANG_ENABLE_MODULES = YES;
				CLANG_ENABLE_OBJC_ARC = YES;
				CLANG_ENABLE_OBJC_WEAK = YES;
				CLANG_WARN_BLOCK_CAPTURE_AUTORELEASING = YES;
				CLANG_WARN_BOOL_CONVERSION = YES;
				CLANG_WARN_COMMA = YES;
				CLANG_WARN_CONSTANT_CONVERSION = YES;
				CLANG_WARN_DEPRECATED_OBJC_IMPLEMENTATIONS = YES;
				CLANG_WARN_DIRECT_OBJC_ISA_USAGE = YES_ERROR;
				CLANG_WARN_DOCUMENTATION_COMMENTS = YES;
				CLANG_WARN_EMPTY_BODY = YES;
				CLANG_WARN_ENUM_CONVERSION = YES;
				CLANG_WARN_INFINITE_RECURSION = YES;
				CLANG_WARN_INT_CONVERSION = YES;
				CLANG_WARN_NON_LITERAL_NULL_CONVERSION = YES;
				CLANG_WARN_OBJC_IMPLICIT_RETAIN_SELF = YES;
				CLANG_WARN_OBJC_LITERAL_CONVERSION = YES;
				CLANG_WARN_OBJC_ROOT_CLASS = YES_ERROR;
				CLANG_WARN_QUOTED_INCLUDE_IN_FRAMEWORK_HEADER = YES;
				CLANG_WARN_RANGE_LOOP_ANALYSIS = YES;
				CLANG_WARN_STRICT_PROTOTYPES = YES;
				CLANG_WARN_SUSPICIOUS_MOVE = YES;
				CLANG_WARN_UNGUARDED_AVAILABILITY = YES_AGGRESSIVE;
				CLANG_WARN_UNREACHABLE_CODE = YES;
				CLANG_WARN__DUPLICATE_METHOD_MATCH = YES;
				COPY_PHASE_STRIP = NO;
				DEBUG_INFORMATION_FORMAT = "dwarf-with-dsym";
				ENABLE_NS_ASSERTIONS = NO;
				ENABLE_STRICT_OBJC_MSGSEND = YES;
				GCC_C_LANGUAGE_STANDARD = gnu11;
				GCC_NO_COMMON_BLOCKS = YES;
				GCC_WARN_64_TO_32_BIT_CONVERSION = YES;
				GCC_WARN_ABOUT_RETURN_TYPE = YES_ERROR;
				GCC_WARN_UNDECLARED_SELECTOR = YES;
				GCC_WARN_UNINITIALIZED_AUTOS = YES_AGGRESSIVE;
				GCC_WARN_UNUSED_FUNCTION = YES;
				GCC_WARN_UNUSED_VARIABLE = YES;
				MTL_ENABLE_DEBUG_INFO = NO;
				MTL_FAST_MATH = YES;
				PRODUCT_NAME = "$(TARGET_NAME)";
				SWIFT_OPTIMIZATION_LEVEL = "-Owholemodule";
				SWIFT_VERSION = 5.0;
			};
			name = Release;
		};
		44D6BB686692202176039CF5 /* Release */ = {
			isa = XCBuildConfiguration;
			buildSettings = {
				ASSETCATALOG_COMPILER_APPICON_NAME = AppIcon;
				ASSETCATALOG_COMPILER_GLOBAL_ACCENT_COLOR_NAME = AccentColor;
				CLANG_ENABLE_OBJC_WEAK = NO;
				CODE_SIGN_STYLE = Automatic;
				DEVELOPMENT_TEAM = 26C49A5JKY;
				GENERATE_INFOPLIST_FILE = NO;
				HEADER_SEARCH_PATHS = "$(inherited) $(SRCROOT)/../lutools/include";
				INFOPLIST_FILE = RawLab/Resources/Info.plist;
				IPHONEOS_DEPLOYMENT_TARGET = 18.0;
				LD_RUNPATH_SEARCH_PATHS = "$(inherited) @executable_path/Frameworks";
				PRODUCT_BUNDLE_IDENTIFIER = com.example.RawLab;
				PRODUCT_NAME = RawLab;
				SDKROOT = iphoneos;
				SWIFT_OBJC_BRIDGING_HEADER = RawLab/Support/RawLab-Bridging-Header.h;
				SWIFT_VERSION = 5.0;
				TARGETED_DEVICE_FAMILY = 1;
				VALIDATE_PRODUCT = YES;
			};
			name = Release;
		};
		76BB14E0851423A51D675ADD /* Debug */ = {
			isa = XCBuildConfiguration;
			buildSettings = {
				ASSETCATALOG_COMPILER_APPICON_NAME = AppIcon;
				ASSETCATALOG_COMPILER_GLOBAL_ACCENT_COLOR_NAME = AccentColor;
				CLANG_ENABLE_OBJC_WEAK = NO;
				CODE_SIGN_STYLE = Automatic;
				DEVELOPMENT_TEAM = 26C49A5JKY;
				GENERATE_INFOPLIST_FILE = NO;
				HEADER_SEARCH_PATHS = "$(inherited) $(SRCROOT)/../lutools/include";
				INFOPLIST_FILE = RawLab/Resources/Info.plist;
				IPHONEOS_DEPLOYMENT_TARGET = 18.0;
				LD_RUNPATH_SEARCH_PATHS = "$(inherited) @executable_path/Frameworks";
				PRODUCT_BUNDLE_IDENTIFIER = com.example.RawLab;
				PRODUCT_NAME = RawLab;
				SDKROOT = iphoneos;
				SWIFT_OBJC_BRIDGING_HEADER = RawLab/Support/RawLab-Bridging-Header.h;
				SWIFT_VERSION = 5.0;
				TARGETED_DEVICE_FAMILY = 1;
			};
			name = Debug;
		};
		AB542FFD9CFBFB91194488B1 /* Debug */ = {
			isa = XCBuildConfiguration;
			buildSettings = {
				ALWAYS_SEARCH_USER_PATHS = NO;
				CLANG_ANALYZER_NONNULL = YES;
				CLANG_ANALYZER_NUMBER_OBJECT_CONVERSION = YES_AGGRESSIVE;
				CLANG_CXX_LANGUAGE_STANDARD = "gnu++14";
				CLANG_CXX_LIBRARY = "libc++";
				CLANG_ENABLE_MODULES = YES;
				CLANG_ENABLE_OBJC_ARC = YES;
				CLANG_ENABLE_OBJC_WEAK = YES;
				CLANG_WARN_BLOCK_CAPTURE_AUTORELEASING = YES;
				CLANG_WARN_BOOL_CONVERSION = YES;
				CLANG_WARN_COMMA = YES;
				CLANG_WARN_CONSTANT_CONVERSION = YES;
				CLANG_WARN_DEPRECATED_OBJC_IMPLEMENTATIONS = YES;
				CLANG_WARN_DIRECT_OBJC_ISA_USAGE = YES_ERROR;
				CLANG_WARN_DOCUMENTATION_COMMENTS = YES;
				CLANG_WARN_EMPTY_BODY = YES;
				CLANG_WARN_ENUM_CONVERSION = YES;
				CLANG_WARN_INFINITE_RECURSION = YES;
				CLANG_WARN_INT_CONVERSION = YES;
				CLANG_WARN_NON_LITERAL_NULL_CONVERSION = YES;
				CLANG_WARN_OBJC_IMPLICIT_RETAIN_SELF = YES;
				CLANG_WARN_OBJC_LITERAL_CONVERSION = YES;
				CLANG_WARN_OBJC_ROOT_CLASS = YES_ERROR;
				CLANG_WARN_QUOTED_INCLUDE_IN_FRAMEWORK_HEADER = YES;
				CLANG_WARN_RANGE_LOOP_ANALYSIS = YES;
				CLANG_WARN_STRICT_PROTOTYPES = YES;
				CLANG_WARN_SUSPICIOUS_MOVE = YES;
				CLANG_WARN_UNGUARDED_AVAILABILITY = YES_AGGRESSIVE;
				CLANG_WARN_UNREACHABLE_CODE = YES;
				CLANG_WARN__DUPLICATE_METHOD_MATCH = YES;
				COPY_PHASE_STRIP = NO;
				DEBUG_INFORMATION_FORMAT = dwarf;
				ENABLE_STRICT_OBJC_MSGSEND = YES;
				ENABLE_TESTABILITY = YES;
				GCC_C_LANGUAGE_STANDARD = gnu11;
				GCC_DYNAMIC_NO_PIC = NO;
				GCC_NO_COMMON_BLOCKS = YES;
				GCC_OPTIMIZATION_LEVEL = 0;
				GCC_PREPROCESSOR_DEFINITIONS = (
					"DEBUG=1",
					"$(inherited)",
				);
				GCC_WARN_64_TO_32_BIT_CONVERSION = YES;
				GCC_WARN_ABOUT_RETURN_TYPE = YES_ERROR;
				GCC_WARN_UNDECLARED_SELECTOR = YES;
				GCC_WARN_UNINITIALIZED_AUTOS = YES_AGGRESSIVE;
				GCC_WARN_UNUSED_FUNCTION = YES;
				GCC_WARN_UNUSED_VARIABLE = YES;
				MTL_ENABLE_DEBUG_INFO = INCLUDE_SOURCE;
				MTL_FAST_MATH = YES;
				ONLY_ACTIVE_ARCH = YES;
				PRODUCT_NAME = "$(TARGET_NAME)";
				SWIFT_ACTIVE_COMPILATION_CONDITIONS = DEBUG;
				SWIFT_OPTIMIZATION_LEVEL = "-Onone";
				SWIFT_VERSION = 5.0;
			};
			name = Debug;
		};
/* End XCBuildConfiguration section */

/* Begin XCConfigurationList section */
		AB1300000000000000000005 = {
			isa = XCConfigurationList;
			buildConfigurations = (AB1300000000000000000007, AB1300000000000000000008, );
			defaultConfigurationIsVisible = 0;
			defaultConfigurationName = Release;
		};
		414E6DDFAA24D0565622F7F1 /* Build configuration list for PBXProject "RawLab" */ = {
			isa = XCConfigurationList;
			buildConfigurations = (
				AB542FFD9CFBFB91194488B1 /* Debug */,
				1FC38338F049575C61B7F4A1 /* Release */,
			);
			defaultConfigurationIsVisible = 0;
			defaultConfigurationName = Release;
		};
		86048109104C15A6E77F6FC2 /* Build configuration list for PBXNativeTarget "RawLab" */ = {
			isa = XCConfigurationList;
			buildConfigurations = (
				44D6BB686692202176039CF5 /* Release */,
				76BB14E0851423A51D675ADD /* Debug */,
			);
			defaultConfigurationIsVisible = 0;
			defaultConfigurationName = Release;
		};
/* End XCConfigurationList section */
		AB1300000000000000000009 = {isa = PBXTargetDependency; target = 4CAC4510D72097AAADB14698; targetProxy = AB130000000000000000000A; };
		AB130000000000000000000A = {isa = PBXContainerItemProxy; containerPortal = 1393227700EBE35817E89069; proxyType = 1; remoteGlobalIDString = 4CAC4510D72097AAADB14698; remoteInfo = RawLab; };
	};
	rootObject = 1393227700EBE35817E89069 /* Project object */;
}
